# This file is automatically @generated by Cargo.
# It is not intended for manual editing.
version = 4

[[package]]
name = "core"
version = "0.1.0"

[[package]]
name = "demo-multisig"
version = "0.1.0"
dependencies = [
 "core",
 "relayer",
 "validator",
]

[[package]]
name = "demo-relayer"
version = "0.1.0"
dependencies = [
 "core",
 "relayer",
]

[[package]]
name = "demo-validator"
version = "0.1.0"
dependencies = [
 "core",
 "validator",
]

[[package]]
name = "relayer"
version = "0.1.0"
dependencies = [
 "core",
]

[[package]]
name = "validator"
version = "0.1.0"
dependencies = [
 "core",
]
